{
  "nodes": {
    "nixpkgs": {
      "locked": {
        "lastModified": 1755007896,
        "narHash": "sha256-tmAuFB1vF4AbA+XAmjE6DzsconlZV8+IkViqAO1YdWI=",
        "owner": "katrinafyi",
        "repo": "nixpkgs",
        "rev": "76acffc67d16c73357714ac6e4cea0daa2f0414d",
        "type": "github"
      },
      "original": {
        "owner": "nixos",
        "ref": "nixos-unstable",
        "repo": "nixpkgs",
        "type": "github"
      }
    },
    "root": {
      "inputs": {
        "nixpkgs": "nixpkgs"
      }
    }
  },
  "root": "root",
  "version": 7
}
