{
  "nodes": {
    "nixpkgs": {
      "locked": {
        "lastModified": 1730368100,
        "narHash": "sha256-iRzj+H57Rd02pEhgipLLdsFRbvaSSCMuoachwmtZB2o=",
        "owner": "nixos",
        "repo": "nixpkgs",
        "rev": "e24d868aba3d21acacdcc319066ce8c4eb692605",
        "type": "github"
      },
      "original": {
        "owner": "nixos",
        "ref": "nixos-unstable",
        "repo": "nixpkgs",
        "type": "github"
      }
    },
    "root": {
      "inputs": {
        "nixpkgs": "nixpkgs"
      }
    }
  },
  "root": "root",
  "version": 7
}
